// !$*UTF8*$!
{
	archiveVersion = 1;
	classes = {
	};
	objectVersion = 77;
	objects = {

/* Begin PBXBuildFile section */
		1A2B3C4D5E6F700000000001 /* AppDelegate.swift in Sources */ = {isa = PBXBuildFile; fileRef = 1A2B3C4D5E6F700000000011 /* AppDelegate.swift */; };
		1A2B3C4D5E6F70000000000A /* main.swift in Sources */ = {isa = PBXBuildFile; fileRef = 1A2B3C4D5E6F70000000001A /* main.swift */; };
		1A2B3C4D5E6F700000000002 /* PreviewProvider.swift in Sources */ = {isa = PBXBuildFile; fileRef = 1A2B3C4D5E6F700000000012 /* PreviewProvider.swift */; };
		1A2B3C4D5E6F700000000003 /* SyntaxHighlighter.swift in Sources */ = {isa = PBXBuildFile; fileRef = 1A2B3C4D5E6F700000000013 /* SyntaxHighlighter.swift */; };
		1A2B3C4D5E6F700000000004 /* QuickLookUI.framework in Frameworks */ = {isa = PBXBuildFile; fileRef = 1A2B3C4D5E6F700000000014 /* QuickLookUI.framework */; };
		1A2B3C4D5E6F700000000005 /* QuickLookExtendedPreviewExtension.appex in Embed App Extensions */ = {isa = PBXBuildFile; fileRef = 1A2B3C4D5E6F700000000021 /* QuickLookExtendedPreviewExtension.appex */; settings = {ATTRIBUTES = (RemoveHeadersOnCopy, ); }; };
		1A2B3C4D5E6F700000000009 /* AppIcon.icns in Resources */ = {isa = PBXBuildFile; fileRef = 1A2B3C4D5E6F700000000019 /* AppIcon.icns */; };
/* End PBXBuildFile section */

/* Begin PBXContainerItemProxy section */
		1A2B3C4D5E6F700000000006 /* PBXContainerItemProxy */ = {
			isa = PBXContainerItemProxy;
			containerPortal = 1A2B3C4D5E6F700000000030 /* Project object */;
			proxyType = 1;
			remoteGlobalIDString = 1A2B3C4D5E6F700000000041;
			remoteInfo = QuickLookExtendedPreviewExtension;
		};
/* End PBXContainerItemProxy section */

/* Begin PBXCopyFilesBuildPhase section */
		1A2B3C4D5E6F700000000007 /* Embed App Extensions */ = {
			isa = PBXCopyFilesBuildPhase;
			buildActionMask = 2147483647;
			dstPath = "";
			dstSubfolderSpec = 13;
			files = (
				1A2B3C4D5E6F700000000005 /* QuickLookExtendedPreviewExtension.appex in Embed App Extensions */,
			);
			name = "Embed App Extensions";
			runOnlyForDeploymentPostprocessing = 0;
		};
/* End PBXCopyFilesBuildPhase section */

/* Begin PBXFileReference section */
		1A2B3C4D5E6F700000000011 /* AppDelegate.swift */ = {isa = PBXFileReference; lastKnownFileType = sourcecode.swift; path = AppDelegate.swift; sourceTree = "<group>"; };
		1A2B3C4D5E6F70000000001A /* main.swift */ = {isa = PBXFileReference; lastKnownFileType = sourcecode.swift; path = main.swift; sourceTree = "<group>"; };
		1A2B3C4D5E6F700000000012 /* PreviewProvider.swift */ = {isa = PBXFileReference; lastKnownFileType = sourcecode.swift; path = PreviewProvider.swift; sourceTree = "<group>"; };
		1A2B3C4D5E6F700000000013 /* SyntaxHighlighter.swift */ = {isa = PBXFileReference; lastKnownFileType = sourcecode.swift; path = SyntaxHighlighter.swift; sourceTree = "<group>"; };
		1A2B3C4D5E6F700000000014 /* QuickLookUI.framework */ = {isa = PBXFileReference; lastKnownFileType = wrapper.framework; name = QuickLookUI.framework; path = System/Library/Frameworks/QuickLookUI.framework; sourceTree = SDKROOT; };
		1A2B3C4D5E6F700000000015 /* Info.plist */ = {isa = PBXFileReference; lastKnownFileType = text.plist.xml; path = Info.plist; sourceTree = "<group>"; };
		1A2B3C4D5E6F700000000016 /* Info.plist */ = {isa = PBXFileReference; lastKnownFileType = text.plist.xml; path = Info.plist; sourceTree = "<group>"; };
		1A2B3C4D5E6F700000000017 /* QuickLookExtended.entitlements */ = {isa = PBXFileReference; lastKnownFileType = text.plist.entitlements; path = QuickLookExtended.entitlements; sourceTree = "<group>"; };
		1A2B3C4D5E6F700000000018 /* QuickLookExtendedPreviewExtension.entitlements */ = {isa = PBXFileReference; lastKnownFileType = text.plist.entitlements; path = QuickLookExtendedPreviewExtension.entitlements; sourceTree = "<group>"; };
		1A2B3C4D5E6F700000000019 /* AppIcon.icns */ = {isa = PBXFileReference; lastKnownFileType = image.icns; path = AppIcon.icns; sourceTree = "<group>"; };
		1A2B3C4D5E6F700000000020 /* QuickLookExtended.app */ = {isa = PBXFileReference; explicitFileType = wrapper.application; includeInIndex = 0; path = QuickLookExtended.app; sourceTree = BUILT_PRODUCTS_DIR; };
		1A2B3C4D5E6F700000000021 /* QuickLookExtendedPreviewExtension.appex */ = {isa = PBXFileReference; explicitFileType = wrapper.app-extension; includeInIndex = 0; path = QuickLookExtendedPreviewExtension.appex; sourceTree = BUILT_PRODUCTS_DIR; };
/* End PBXFileReference section */

/* Begin PBXFrameworksBuildPhase section */
		1A2B3C4D5E6F700000000022 /* Frameworks */ = {
			isa = PBXFrameworksBuildPhase;
			buildActionMask = 2147483647;
			files = (
			);
			runOnlyForDeploymentPostprocessing = 0;
		};
		1A2B3C4D5E6F700000000023 /* Frameworks */ = {
			isa = PBXFrameworksBuildPhase;
			buildActionMask = 2147483647;
			files = (
				1A2B3C4D5E6F700000000004 /* QuickLookUI.framework in Frameworks */,
			);
			runOnlyForDeploymentPostprocessing = 0;
		};
/* End PBXFrameworksBuildPhase section */

/* Begin PBXGroup section */
		1A2B3C4D5E6F700000000024 = {
			isa = PBXGroup;
			children = (
				1A2B3C4D5E6F700000000025 /* QuickLookExtended */,
				1A2B3C4D5E6F700000000026 /* QuickLookExtendedPreviewExtension */,
				1A2B3C4D5E6F700000000027 /* Frameworks */,
				1A2B3C4D5E6F700000000028 /* Products */,
			);
			sourceTree = "<group>";
		};
		1A2B3C4D5E6F700000000025 /* QuickLookExtended */ = {
			isa = PBXGroup;
			children = (
				1A2B3C4D5E6F70000000001A /* main.swift */,
				1A2B3C4D5E6F700000000011 /* AppDelegate.swift */,
				1A2B3C4D5E6F700000000015 /* Info.plist */,
				1A2B3C4D5E6F700000000019 /* AppIcon.icns */,
				1A2B3C4D5E6F700000000017 /* QuickLookExtended.entitlements */,
			);
			path = QuickLookExtended;
			sourceTree = "<group>";
		};
		1A2B3C4D5E6F700000000026 /* QuickLookExtendedPreviewExtension */ = {
			isa = PBXGroup;
			children = (
				1A2B3C4D5E6F700000000012 /* PreviewProvider.swift */,
				1A2B3C4D5E6F700000000013 /* SyntaxHighlighter.swift */,
				1A2B3C4D5E6F700000000016 /* Info.plist */,
				1A2B3C4D5E6F700000000018 /* QuickLookExtendedPreviewExtension.entitlements */,
			);
			path = QuickLookExtendedPreviewExtension;
			sourceTree = "<group>";
		};
		1A2B3C4D5E6F700000000027 /* Frameworks */ = {
			isa = PBXGroup;
			children = (
				1A2B3C4D5E6F700000000014 /* QuickLookUI.framework */,
			);
			name = Frameworks;
			sourceTree = "<group>";
		};
		1A2B3C4D5E6F700000000028 /* Products */ = {
			isa = PBXGroup;
			children = (
				1A2B3C4D5E6F700000000020 /* QuickLookExtended.app */,
				1A2B3C4D5E6F700000000021 /* QuickLookExtendedPreviewExtension.appex */,
			);
			name = Products;
			sourceTree = "<group>";
		};
/* End PBXGroup section */

/* Begin PBXNativeTarget section */
		1A2B3C4D5E6F700000000040 /* QuickLookExtended */ = {
			isa = PBXNativeTarget;
			buildConfigurationList = 1A2B3C4D5E6F700000000050 /* Build configuration list for PBXNativeTarget "QuickLookExtended" */;
			buildPhases = (
				1A2B3C4D5E6F700000000060 /* Sources */,
				1A2B3C4D5E6F700000000022 /* Frameworks */,
				1A2B3C4D5E6F700000000062 /* Resources */,
				1A2B3C4D5E6F700000000007 /* Embed App Extensions */,
			);
			buildRules = (
			);
			dependencies = (
				1A2B3C4D5E6F700000000008 /* PBXTargetDependency */,
			);
			name = QuickLookExtended;
			productName = QuickLookExtended;
			productReference = 1A2B3C4D5E6F700000000020 /* QuickLookExtended.app */;
			productType = "com.apple.product-type.application";
		};
		1A2B3C4D5E6F700000000041 /* QuickLookExtendedPreviewExtension */ = {
			isa = PBXNativeTarget;
			buildConfigurationList = 1A2B3C4D5E6F700000000051 /* Build configuration list for PBXNativeTarget "QuickLookExtendedPreviewExtension" */;
			buildPhases = (
				1A2B3C4D5E6F700000000061 /* Sources */,
				1A2B3C4D5E6F700000000023 /* Frameworks */,
			);
			buildRules = (
			);
			dependencies = (
			);
			name = QuickLookExtendedPreviewExtension;
			productName = QuickLookExtendedPreviewExtension;
			productReference = 1A2B3C4D5E6F700000000021 /* QuickLookExtendedPreviewExtension.appex */;
			productType = "com.apple.product-type.app-extension";
		};
/* End PBXNativeTarget section */

/* Begin PBXProject section */
		1A2B3C4D5E6F700000000030 /* Project object */ = {
			isa = PBXProject;
			attributes = {
				BuildIndependentTargetsInParallel = 1;
				LastSwiftUpdateCheck = 2650;
				LastUpgradeCheck = 2650;
				TargetAttributes = {
					1A2B3C4D5E6F700000000040 = {
						CreatedOnToolsVersion = 26.5;
					};
					1A2B3C4D5E6F700000000041 = {
						CreatedOnToolsVersion = 26.5;
					};
				};
			};
			buildConfigurationList = 1A2B3C4D5E6F700000000052 /* Build configuration list for PBXProject "QuickLookExtended" */;
			compatibilityVersion = "Xcode 16.0";
			developmentRegion = en;
			hasScannedForEncodings = 0;
			knownRegions = (
				en,
				Base,
			);
			mainGroup = 1A2B3C4D5E6F700000000024;
			minimizedProjectReferenceProxies = 1;
			preferredProjectObjectVersion = 77;
			productRefGroup = 1A2B3C4D5E6F700000000028 /* Products */;
			projectDirPath = "";
			projectRoot = "";
			targets = (
				1A2B3C4D5E6F700000000040 /* QuickLookExtended */,
				1A2B3C4D5E6F700000000041 /* QuickLookExtendedPreviewExtension */,
			);
		};
/* End PBXProject section */

/* Begin PBXResourcesBuildPhase section */
		1A2B3C4D5E6F700000000062 /* Resources */ = {
			isa = PBXResourcesBuildPhase;
			buildActionMask = 2147483647;
			files = (
				1A2B3C4D5E6F700000000009 /* AppIcon.icns in Resources */,
			);
			runOnlyForDeploymentPostprocessing = 0;
		};
/* End PBXResourcesBuildPhase section */

/* Begin PBXSourcesBuildPhase section */
		1A2B3C4D5E6F700000000060 /* Sources */ = {
			isa = PBXSourcesBuildPhase;
			buildActionMask = 2147483647;
			files = (
				1A2B3C4D5E6F70000000000A /* main.swift in Sources */,
				1A2B3C4D5E6F700000000001 /* AppDelegate.swift in Sources */,
			);
			runOnlyForDeploymentPostprocessing = 0;
		};
		1A2B3C4D5E6F700000000061 /* Sources */ = {
			isa = PBXSourcesBuildPhase;
			buildActionMask = 2147483647;
			files = (
				1A2B3C4D5E6F700000000002 /* PreviewProvider.swift in Sources */,
				1A2B3C4D5E6F700000000003 /* SyntaxHighlighter.swift in Sources */,
			);
			runOnlyForDeploymentPostprocessing = 0;
		};
/* End PBXSourcesBuildPhase section */

/* Begin PBXTargetDependency section */
		1A2B3C4D5E6F700000000008 /* PBXTargetDependency */ = {
			isa = PBXTargetDependency;
			target = 1A2B3C4D5E6F700000000041 /* QuickLookExtendedPreviewExtension */;
			targetProxy = 1A2B3C4D5E6F700000000006 /* PBXContainerItemProxy */;
		};
/* End PBXTargetDependency section */

/* Begin XCBuildConfiguration section */
		1A2B3C4D5E6F700000000070 /* Debug */ = {
			isa = XCBuildConfiguration;
			buildSettings = {
				ALWAYS_SEARCH_USER_PATHS = NO;
				CLANG_ENABLE_MODULES = YES;
				CLANG_ENABLE_OBJC_ARC = YES;
				CLANG_ENABLE_OBJC_WEAK = YES;
				CODE_SIGN_IDENTITY = "-";
				COPY_PHASE_STRIP = NO;
				DEBUG_INFORMATION_FORMAT = dwarf;
				ENABLE_STRICT_OBJC_MSGSEND = YES;
				ENABLE_TESTABILITY = YES;
				GCC_C_LANGUAGE_STANDARD = gnu17;
				GCC_NO_COMMON_BLOCKS = YES;
				GCC_OPTIMIZATION_LEVEL = 0;
				GCC_PREPROCESSOR_DEFINITIONS = (
					"DEBUG=1",
					"$(inherited)",
				);
				MACOSX_DEPLOYMENT_TARGET = 13.0;
				MTL_ENABLE_DEBUG_INFO = INCLUDE_SOURCE;
				SDKROOT = macosx;
				SWIFT_ACTIVE_COMPILATION_CONDITIONS = DEBUG;
				SWIFT_OPTIMIZATION_LEVEL = "-Onone";
				SWIFT_VERSION = 6.0;
			};
			name = Debug;
		};
		1A2B3C4D5E6F700000000071 /* Release */ = {
			isa = XCBuildConfiguration;
			buildSettings = {
				ALWAYS_SEARCH_USER_PATHS = NO;
				CLANG_ENABLE_MODULES = YES;
				CLANG_ENABLE_OBJC_ARC = YES;
				CLANG_ENABLE_OBJC_WEAK = YES;
				CODE_SIGN_IDENTITY = "-";
				COPY_PHASE_STRIP = NO;
				DEBUG_INFORMATION_FORMAT = "dwarf-with-dsym";
				ENABLE_NS_ASSERTIONS = NO;
				ENABLE_STRICT_OBJC_MSGSEND = YES;
				GCC_C_LANGUAGE_STANDARD = gnu17;
				GCC_NO_COMMON_BLOCKS = YES;
				MACOSX_DEPLOYMENT_TARGET = 13.0;
				MTL_ENABLE_DEBUG_INFO = NO;
				SDKROOT = macosx;
				SWIFT_COMPILATION_MODE = wholemodule;
				SWIFT_OPTIMIZATION_LEVEL = "-O";
				SWIFT_VERSION = 6.0;
			};
			name = Release;
		};
		1A2B3C4D5E6F700000000072 /* Debug */ = {
			isa = XCBuildConfiguration;
			buildSettings = {
				CODE_SIGN_ENTITLEMENTS = QuickLookExtended/QuickLookExtended.entitlements;
				CODE_SIGN_IDENTITY = "-";
				CODE_SIGN_STYLE = Manual;
				CURRENT_PROJECT_VERSION = 1;
				DEVELOPMENT_TEAM = "";
				ENABLE_APP_SANDBOX = YES;
				GENERATE_INFOPLIST_FILE = NO;
				INFOPLIST_FILE = QuickLookExtended/Info.plist;
				LD_RUNPATH_SEARCH_PATHS = (
					"$(inherited)",
					"@executable_path/../Frameworks",
				);
				MARKETING_VERSION = 1.0;
				PRODUCT_BUNDLE_IDENTIFIER = dev.gamecat.QuickLookExtended;
				PRODUCT_NAME = "$(TARGET_NAME)";
				SWIFT_VERSION = 6.0;
			};
			name = Debug;
		};
		1A2B3C4D5E6F700000000073 /* Release */ = {
			isa = XCBuildConfiguration;
			buildSettings = {
				CODE_SIGN_ENTITLEMENTS = QuickLookExtended/QuickLookExtended.entitlements;
				CODE_SIGN_IDENTITY = "-";
				CODE_SIGN_STYLE = Manual;
				CURRENT_PROJECT_VERSION = 1;
				DEVELOPMENT_TEAM = "";
				ENABLE_APP_SANDBOX = YES;
				GENERATE_INFOPLIST_FILE = NO;
				INFOPLIST_FILE = QuickLookExtended/Info.plist;
				LD_RUNPATH_SEARCH_PATHS = (
					"$(inherited)",
					"@executable_path/../Frameworks",
				);
				MARKETING_VERSION = 1.0;
				PRODUCT_BUNDLE_IDENTIFIER = dev.gamecat.QuickLookExtended;
				PRODUCT_NAME = "$(TARGET_NAME)";
				SWIFT_VERSION = 6.0;
			};
			name = Release;
		};
		1A2B3C4D5E6F700000000074 /* Debug */ = {
			isa = XCBuildConfiguration;
			buildSettings = {
				APPLICATION_EXTENSION_API_ONLY = YES;
				CODE_SIGN_ENTITLEMENTS = QuickLookExtendedPreviewExtension/QuickLookExtendedPreviewExtension.entitlements;
				CODE_SIGN_IDENTITY = "-";
				CODE_SIGN_STYLE = Manual;
				CURRENT_PROJECT_VERSION = 1;
				DEVELOPMENT_TEAM = "";
				ENABLE_APP_SANDBOX = YES;
				ENABLE_USER_SELECTED_FILES = readonly;
				GENERATE_INFOPLIST_FILE = NO;
				INFOPLIST_FILE = QuickLookExtendedPreviewExtension/Info.plist;
				LD_RUNPATH_SEARCH_PATHS = (
					"$(inherited)",
					"@executable_path/../Frameworks",
					"@executable_path/../../../../Frameworks",
				);
				MARKETING_VERSION = 1.0;
				PRODUCT_BUNDLE_IDENTIFIER = dev.gamecat.QuickLookExtended.PreviewExtension;
				PRODUCT_NAME = "$(TARGET_NAME)";
				QLE_BINARY_SNIFF_BYTES = 16384;
				QLE_MAX_HIGHLIGHTED_BYTES = 262144;
				QLE_MAX_PREVIEW_BYTES = 0;
				SKIP_INSTALL = YES;
				SWIFT_VERSION = 6.0;
			};
			name = Debug;
		};
		1A2B3C4D5E6F700000000075 /* Release */ = {
			isa = XCBuildConfiguration;
			buildSettings = {
				APPLICATION_EXTENSION_API_ONLY = YES;
				CODE_SIGN_ENTITLEMENTS = QuickLookExtendedPreviewExtension/QuickLookExtendedPreviewExtension.entitlements;
				CODE_SIGN_IDENTITY = "-";
				CODE_SIGN_STYLE = Manual;
				CURRENT_PROJECT_VERSION = 1;
				DEVELOPMENT_TEAM = "";
				ENABLE_APP_SANDBOX = YES;
				ENABLE_USER_SELECTED_FILES = readonly;
				GENERATE_INFOPLIST_FILE = NO;
				INFOPLIST_FILE = QuickLookExtendedPreviewExtension/Info.plist;
				LD_RUNPATH_SEARCH_PATHS = (
					"$(inherited)",
					"@executable_path/../Frameworks",
					"@executable_path/../../../../Frameworks",
				);
				MARKETING_VERSION = 1.0;
				PRODUCT_BUNDLE_IDENTIFIER = dev.gamecat.QuickLookExtended.PreviewExtension;
				PRODUCT_NAME = "$(TARGET_NAME)";
				QLE_BINARY_SNIFF_BYTES = 16384;
				QLE_MAX_HIGHLIGHTED_BYTES = 262144;
				QLE_MAX_PREVIEW_BYTES = 0;
				SKIP_INSTALL = YES;
				SWIFT_VERSION = 6.0;
			};
			name = Release;
		};
/* End XCBuildConfiguration section */

/* Begin XCConfigurationList section */
		1A2B3C4D5E6F700000000050 /* Build configuration list for PBXNativeTarget "QuickLookExtended" */ = {
			isa = XCConfigurationList;
			buildConfigurations = (
				1A2B3C4D5E6F700000000072 /* Debug */,
				1A2B3C4D5E6F700000000073 /* Release */,
			);
			defaultConfigurationIsVisible = 0;
			defaultConfigurationName = Release;
		};
		1A2B3C4D5E6F700000000051 /* Build configuration list for PBXNativeTarget "QuickLookExtendedPreviewExtension" */ = {
			isa = XCConfigurationList;
			buildConfigurations = (
				1A2B3C4D5E6F700000000074 /* Debug */,
				1A2B3C4D5E6F700000000075 /* Release */,
			);
			defaultConfigurationIsVisible = 0;
			defaultConfigurationName = Release;
		};
		1A2B3C4D5E6F700000000052 /* Build configuration list for PBXProject "QuickLookExtended" */ = {
			isa = XCConfigurationList;
			buildConfigurations = (
				1A2B3C4D5E6F700000000070 /* Debug */,
				1A2B3C4D5E6F700000000071 /* Release */,
			);
			defaultConfigurationIsVisible = 0;
			defaultConfigurationName = Release;
		};
/* End XCConfigurationList section */
	};
	rootObject = 1A2B3C4D5E6F700000000030 /* Project object */;
}
